
Microsoft Visual Studio Solution File, Format Version 12.00
# Visual Studio 14
VisualStudioVersion = 14.0.25123.0
MinimumVisualStudioVersion = 10.0.40219.1
Project("{FAE04EC0-301F-11D3-BF4B-00C04F79EFBC}") = "Solution-Tanks", "Solution-Tanks\Solution-Tanks.csproj", "{AF6DCA7E-1E54-4A46-BB19-849EF6AF2BBC}"
EndProject
Global
	GlobalSection(SolutionConfigurationPlatforms) = preSolution
		Debug|Any CPU = Debug|Any CPU
		Release|Any CPU = Release|Any CPU
	EndGlobalSection
	GlobalSection(ProjectConfigurationPlatforms) = postSolution
		{AF6DCA7E-1E54-4A46-BB19-849EF6AF2BBC}.Debug|Any CPU.ActiveCfg = Debug|Any CPU
		{AF6DCA7E-1E54-4A46-BB19-849EF6AF2BBC}.Debug|Any CPU.Build.0 = Debug|Any CPU
		{AF6DCA7E-1E54-4A46-BB19-849EF6AF2BBC}.Release|Any CPU.ActiveCfg = Release|Any CPU
		{AF6DCA7E-1E54-4A46-BB19-849EF6AF2BBC}.Release|Any CPU.Build.0 = Release|Any CPU
	EndGlobalSection
	GlobalSection(SolutionProperties) = preSolution
		HideSolutionNode = FALSE
	EndGlobalSection
EndGlobal
